// !$*UTF8*$!
{
	archiveVersion = 1;
	classes = {
	};
	objectVersion = 56;
	objects = {

/* Begin PBXBuildFile section */
		5033432C29096F65001C188F /* PlayerDetailsViewController.swift in Sources */ = {isa = PBXBuildFile; fileRef = 5033432B29096F65001C188F /* PlayerDetailsViewController.swift */; };
		5058FA392907900D0059F258 /* PlayerListTableViewController.swift in Sources */ = {isa = PBXBuildFile; fileRef = 5058FA382907900D0059F258 /* PlayerListTableViewController.swift */; };
		507F3609290668EA00E73B30 /* AppDelegate.swift in Sources */ = {isa = PBXBuildFile; fileRef = 507F3608290668EA00E73B30 /* AppDelegate.swift */; };
		507F360B290668EA00E73B30 /* SceneDelegate.swift in Sources */ = {isa = PBXBuildFile; fileRef = 507F360A290668EA00E73B30 /* SceneDelegate.swift */; };
		507F3610290668EA00E73B30 /* Main.storyboard in Resources */ = {isa = PBXBuildFile; fileRef = 507F360E290668EA00E73B30 /* Main.storyboard */; };
		507F3612290668EC00E73B30 /* Assets.xcassets in Resources */ = {isa = PBXBuildFile; fileRef = 507F3611290668EC00E73B30 /* Assets.xcassets */; };
		507F3615290668EC00E73B30 /* LaunchScreen.storyboard in Resources */ = {isa = PBXBuildFile; fileRef = 507F3613290668EC00E73B30 /* LaunchScreen.storyboard */; };
		50A5603C2906C42A00F9DE32 /* Player.swift in Sources */ = {isa = PBXBuildFile; fileRef = 50A5603B2906C42A00F9DE32 /* Player.swift */; };
		50A5603E2906C45E00F9DE32 /* Team.swift in Sources */ = {isa = PBXBuildFile; fileRef = 50A5603D2906C45E00F9DE32 /* Team.swift */; };
		50A560412906C4AF00F9DE32 /* PlayerDataSource.swift in Sources */ = {isa = PBXBuildFile; fileRef = 50A560402906C4AF00F9DE32 /* PlayerDataSource.swift */; };
		50A560432906C66100F9DE32 /* TeamDataSource.swift in Sources */ = {isa = PBXBuildFile; fileRef = 50A560422906C66100F9DE32 /* TeamDataSource.swift */; };
		50A560452906C7FB00F9DE32 /* TeamCell.swift in Sources */ = {isa = PBXBuildFile; fileRef = 50A560442906C7FB00F9DE32 /* TeamCell.swift */; };
		50A560472906C8C800F9DE32 /* TeamListTableViewController.swift in Sources */ = {isa = PBXBuildFile; fileRef = 50A560462906C8C800F9DE32 /* TeamListTableViewController.swift */; };
		50A5604B2906D3BF00F9DE32 /* PlayerCell.swift in Sources */ = {isa = PBXBuildFile; fileRef = 50A5604A2906D3BF00F9DE32 /* PlayerCell.swift */; };
		50D447D9290BE01F0060CF13 /* DataLoader.swift in Sources */ = {isa = PBXBuildFile; fileRef = 50D447D8290BE01F0060CF13 /* DataLoader.swift */; };
/* End PBXBuildFile section */

/* Begin PBXFileReference section */
		5033432B29096F65001C188F /* PlayerDetailsViewController.swift */ = {isa = PBXFileReference; lastKnownFileType = sourcecode.swift; path = PlayerDetailsViewController.swift; sourceTree = "<group>"; };
		5058FA382907900D0059F258 /* PlayerListTableViewController.swift */ = {isa = PBXFileReference; lastKnownFileType = sourcecode.swift; path = PlayerListTableViewController.swift; sourceTree = "<group>"; };
		507F3605290668EA00E73B30 /* PlayerPhoneBook.app */ = {isa = PBXFileReference; explicitFileType = wrapper.application; includeInIndex = 0; path = PlayerPhoneBook.app; sourceTree = BUILT_PRODUCTS_DIR; };
		507F3608290668EA00E73B30 /* AppDelegate.swift */ = {isa = PBXFileReference; lastKnownFileType = sourcecode.swift; path = AppDelegate.swift; sourceTree = "<group>"; };
		507F360A290668EA00E73B30 /* SceneDelegate.swift */ = {isa = PBXFileReference; lastKnownFileType = sourcecode.swift; path = SceneDelegate.swift; sourceTree = "<group>"; };
		507F360F290668EA00E73B30 /* Base */ = {isa = PBXFileReference; lastKnownFileType = file.storyboard; name = Base; path = Base.lproj/Main.storyboard; sourceTree = "<group>"; };
		507F3611290668EC00E73B30 /* Assets.xcassets */ = {isa = PBXFileReference; lastKnownFileType = folder.assetcatalog; path = Assets.xcassets; sourceTree = "<group>"; };
		507F3614290668EC00E73B30 /* Base */ = {isa = PBXFileReference; lastKnownFileType = file.storyboard; name = Base; path = Base.lproj/LaunchScreen.storyboard; sourceTree = "<group>"; };
		507F3616290668EC00E73B30 /* Info.plist */ = {isa = PBXFileReference; lastKnownFileType = text.plist.xml; path = Info.plist; sourceTree = "<group>"; };
		50A5603B2906C42A00F9DE32 /* Player.swift */ = {isa = PBXFileReference; lastKnownFileType = sourcecode.swift; path = Player.swift; sourceTree = "<group>"; };
		50A5603D2906C45E00F9DE32 /* Team.swift */ = {isa = PBXFileReference; lastKnownFileType = sourcecode.swift; path = Team.swift; sourceTree = "<group>"; };
		50A560402906C4AF00F9DE32 /* PlayerDataSource.swift */ = {isa = PBXFileReference; lastKnownFileType = sourcecode.swift; path = PlayerDataSource.swift; sourceTree = "<group>"; };
		50A560422906C66100F9DE32 /* TeamDataSource.swift */ = {isa = PBXFileReference; lastKnownFileType = sourcecode.swift; path = TeamDataSource.swift; sourceTree = "<group>"; };
		50A560442906C7FB00F9DE32 /* TeamCell.swift */ = {isa = PBXFileReference; lastKnownFileType = sourcecode.swift; path = TeamCell.swift; sourceTree = "<group>"; };
		50A560462906C8C800F9DE32 /* TeamListTableViewController.swift */ = {isa = PBXFileReference; lastKnownFileType = sourcecode.swift; path = TeamListTableViewController.swift; sourceTree = "<group>"; };
		50A5604A2906D3BF00F9DE32 /* PlayerCell.swift */ = {isa = PBXFileReference; lastKnownFileType = sourcecode.swift; path = PlayerCell.swift; sourceTree = "<group>"; };
		50D447D8290BE01F0060CF13 /* DataLoader.swift */ = {isa = PBXFileReference; lastKnownFileType = sourcecode.swift; path = DataLoader.swift; sourceTree = "<group>"; };
/* End PBXFileReference section */

/* Begin PBXFrameworksBuildPhase section */
		507F3602290668EA00E73B30 /* Frameworks */ = {
			isa = PBXFrameworksBuildPhase;
			buildActionMask = 2147483647;
			files = (
			);
			runOnlyForDeploymentPostprocessing = 0;
		};
/* End PBXFrameworksBuildPhase section */

/* Begin PBXGroup section */
		507F35FC290668EA00E73B30 = {
			isa = PBXGroup;
			children = (
				507F3607290668EA00E73B30 /* PlayerPhoneBook */,
				507F3606290668EA00E73B30 /* Products */,
			);
			sourceTree = "<group>";
		};
		507F3606290668EA00E73B30 /* Products */ = {
			isa = PBXGroup;
			children = (
				507F3605290668EA00E73B30 /* PlayerPhoneBook.app */,
			);
			name = Products;
			sourceTree = "<group>";
		};
		507F3607290668EA00E73B30 /* PlayerPhoneBook */ = {
			isa = PBXGroup;
			children = (
				50A5603F2906C49500F9DE32 /* Data Source Files */,
				50A560382906C3F600F9DE32 /* Models */,
				50A560392906C40300F9DE32 /* Views */,
				50A5603A2906C40800F9DE32 /* Controllers */,
				50A560372906C3DD00F9DE32 /* Supporting Files */,
				507F360E290668EA00E73B30 /* Main.storyboard */,
				507F3611290668EC00E73B30 /* Assets.xcassets */,
				507F3616290668EC00E73B30 /* Info.plist */,
			);
			path = PlayerPhoneBook;
			sourceTree = "<group>";
		};
		50A560372906C3DD00F9DE32 /* Supporting Files */ = {
			isa = PBXGroup;
			children = (
				507F3608290668EA00E73B30 /* AppDelegate.swift */,
				507F360A290668EA00E73B30 /* SceneDelegate.swift */,
				507F3613290668EC00E73B30 /* LaunchScreen.storyboard */,
			);
			path = "Supporting Files";
			sourceTree = "<group>";
		};
		50A560382906C3F600F9DE32 /* Models */ = {
			isa = PBXGroup;
			children = (
				50A5603B2906C42A00F9DE32 /* Player.swift */,
				50A5603D2906C45E00F9DE32 /* Team.swift */,
			);
			path = Models;
			sourceTree = "<group>";
		};
		50A560392906C40300F9DE32 /* Views */ = {
			isa = PBXGroup;
			children = (
				50A560442906C7FB00F9DE32 /* TeamCell.swift */,
				50A5604A2906D3BF00F9DE32 /* PlayerCell.swift */,
			);
			path = Views;
			sourceTree = "<group>";
		};
		50A5603A2906C40800F9DE32 /* Controllers */ = {
			isa = PBXGroup;
			children = (
				50A560462906C8C800F9DE32 /* TeamListTableViewController.swift */,
				5058FA382907900D0059F258 /* PlayerListTableViewController.swift */,
				5033432B29096F65001C188F /* PlayerDetailsViewController.swift */,
			);
			path = Controllers;
			sourceTree = "<group>";
		};
		50A5603F2906C49500F9DE32 /* Data Source Files */ = {
			isa = PBXGroup;
			children = (
				50A560402906C4AF00F9DE32 /* PlayerDataSource.swift */,
				50A560422906C66100F9DE32 /* TeamDataSource.swift */,
				50D447D8290BE01F0060CF13 /* DataLoader.swift */,
			);
			path = "Data Source Files";
			sourceTree = "<group>";
		};
/* End PBXGroup section */

/* Begin PBXNativeTarget section */
		507F3604290668EA00E73B30 /* PlayerPhoneBook */ = {
			isa = PBXNativeTarget;
			buildConfigurationList = 507F3619290668EC00E73B30 /* Build configuration list for PBXNativeTarget "PlayerPhoneBook" */;
			buildPhases = (
				507F3601290668EA00E73B30 /* Sources */,
				507F3602290668EA00E73B30 /* Frameworks */,
				507F3603290668EA00E73B30 /* Resources */,
			);
			buildRules = (
			);
			dependencies = (
			);
			name = PlayerPhoneBook;
			productName = PlayerPhoneBook;
			productReference = 507F3605290668EA00E73B30 /* PlayerPhoneBook.app */;
			productType = "com.apple.product-type.application";
		};
/* End PBXNativeTarget section */

/* Begin PBXProject section */
		507F35FD290668EA00E73B30 /* Project object */ = {
			isa = PBXProject;
			attributes = {
				BuildIndependentTargetsInParallel = 1;
				LastSwiftUpdateCheck = 1400;
				LastUpgradeCheck = 1400;
				TargetAttributes = {
					507F3604290668EA00E73B30 = {
						CreatedOnToolsVersion = 14.0.1;
					};
				};
			};
			buildConfigurationList = 507F3600290668EA00E73B30 /* Build configuration list for PBXProject "PlayerPhoneBook" */;
			compatibilityVersion = "Xcode 14.0";
			developmentRegion = en;
			hasScannedForEncodings = 0;
			knownRegions = (
				en,
				Base,
			);
			mainGroup = 507F35FC290668EA00E73B30;
			productRefGroup = 507F3606290668EA00E73B30 /* Products */;
			projectDirPath = "";
			projectRoot = "";
			targets = (
				507F3604290668EA00E73B30 /* PlayerPhoneBook */,
			);
		};
/* End PBXProject section */

/* Begin PBXResourcesBuildPhase section */
		507F3603290668EA00E73B30 /* Resources */ = {
			isa = PBXResourcesBuildPhase;
			buildActionMask = 2147483647;
			files = (
				507F3615290668EC00E73B30 /* LaunchScreen.storyboard in Resources */,
				507F3612290668EC00E73B30 /* Assets.xcassets in Resources */,
				507F3610290668EA00E73B30 /* Main.storyboard in Resources */,
			);
			runOnlyForDeploymentPostprocessing = 0;
		};
/* End PBXResourcesBuildPhase section */

/* Begin PBXSourcesBuildPhase section */
		507F3601290668EA00E73B30 /* Sources */ = {
			isa = PBXSourcesBuildPhase;
			buildActionMask = 2147483647;
			files = (
				5058FA392907900D0059F258 /* PlayerListTableViewController.swift in Sources */,
				50A5603E2906C45E00F9DE32 /* Team.swift in Sources */,
				507F3609290668EA00E73B30 /* AppDelegate.swift in Sources */,
				5033432C29096F65001C188F /* PlayerDetailsViewController.swift in Sources */,
				50A560472906C8C800F9DE32 /* TeamListTableViewController.swift in Sources */,
				50A5604B2906D3BF00F9DE32 /* PlayerCell.swift in Sources */,
				50A560452906C7FB00F9DE32 /* TeamCell.swift in Sources */,
				50A5603C2906C42A00F9DE32 /* Player.swift in Sources */,
				50D447D9290BE01F0060CF13 /* DataLoader.swift in Sources */,
				50A560432906C66100F9DE32 /* TeamDataSource.swift in Sources */,
				50A560412906C4AF00F9DE32 /* PlayerDataSource.swift in Sources */,
				507F360B290668EA00E73B30 /* SceneDelegate.swift in Sources */,
			);
			runOnlyForDeploymentPostprocessing = 0;
		};
/* End PBXSourcesBuildPhase section */

/* Begin PBXVariantGroup section */
		507F360E290668EA00E73B30 /* Main.storyboard */ = {
			isa = PBXVariantGroup;
			children = (
				507F360F290668EA00E73B30 /* Base */,
			);
			name = Main.storyboard;
			sourceTree = "<group>";
		};
		507F3613290668EC00E73B30 /* LaunchScreen.storyboard */ = {
			isa = PBXVariantGroup;
			children = (
				507F3614290668EC00E73B30 /* Base */,
			);
			name = LaunchScreen.storyboard;
			sourceTree = "<group>";
		};
/* End PBXVariantGroup section */

/* Begin XCBuildConfiguration section */
		507F3617290668EC00E73B30 /* Debug */ = {
			isa = XCBuildConfiguration;
			buildSettings = {
				ALWAYS_SEARCH_USER_PATHS = NO;
				CLANG_ANALYZER_NONNULL = YES;
				CLANG_ANALYZER_NUMBER_OBJECT_CONVERSION = YES_AGGRESSIVE;
				CLANG_CXX_LANGUAGE_STANDARD = "gnu++20";
				CLANG_ENABLE_MODULES = YES;
				CLANG_ENABLE_OBJC_ARC = YES;
				CLANG_ENABLE_OBJC_WEAK = YES;
				CLANG_WARN_BLOCK_CAPTURE_AUTORELEASING = YES;
				CLANG_WARN_BOOL_CONVERSION = YES;
				CLANG_WARN_COMMA = YES;
				CLANG_WARN_CONSTANT_CONVERSION = YES;
				CLANG_WARN_DEPRECATED_OBJC_IMPLEMENTATIONS = YES;
				CLANG_WARN_DIRECT_OBJC_ISA_USAGE = YES_ERROR;
				CLANG_WARN_DOCUMENTATION_COMMENTS = YES;
				CLANG_WARN_EMPTY_BODY = YES;
				CLANG_WARN_ENUM_CONVERSION = YES;
				CLANG_WARN_INFINITE_RECURSION = YES;
				CLANG_WARN_INT_CONVERSION = YES;
				CLANG_WARN_NON_LITERAL_NULL_CONVERSION = YES;
				CLANG_WARN_OBJC_IMPLICIT_RETAIN_SELF = YES;
				CLANG_WARN_OBJC_LITERAL_CONVERSION = YES;
				CLANG_WARN_OBJC_ROOT_CLASS = YES_ERROR;
				CLANG_WARN_QUOTED_INCLUDE_IN_FRAMEWORK_HEADER = YES;
				CLANG_WARN_RANGE_LOOP_ANALYSIS = YES;
				CLANG_WARN_STRICT_PROTOTYPES = YES;
				CLANG_WARN_SUSPICIOUS_MOVE = YES;
				CLANG_WARN_UNGUARDED_AVAILABILITY = YES_AGGRESSIVE;
				CLANG_WARN_UNREACHABLE_CODE = YES;
				CLANG_WARN__DUPLICATE_METHOD_MATCH = YES;
				COPY_PHASE_STRIP = NO;
				DEBUG_INFORMATION_FORMAT = dwarf;
				ENABLE_STRICT_OBJC_MSGSEND = YES;
				ENABLE_TESTABILITY = YES;
				GCC_C_LANGUAGE_STANDARD = gnu11;
				GCC_DYNAMIC_NO_PIC = NO;
				GCC_NO_COMMON_BLOCKS = YES;
				GCC_OPTIMIZATION_LEVEL = 0;
				GCC_PREPROCESSOR_DEFINITIONS = (
					"DEBUG=1",
					"$(inherited)",
				);
				GCC_WARN_64_TO_32_BIT_CONVERSION = YES;
				GCC_WARN_ABOUT_RETURN_TYPE = YES_ERROR;
				GCC_WARN_UNDECLARED_SELECTOR = YES;
				GCC_WARN_UNINITIALIZED_AUTOS = YES_AGGRESSIVE;
				GCC_WARN_UNUSED_FUNCTION = YES;
				GCC_WARN_UNUSED_VARIABLE = YES;
				IPHONEOS_DEPLOYMENT_TARGET = 16.0;
				MTL_ENABLE_DEBUG_INFO = INCLUDE_SOURCE;
				MTL_FAST_MATH = YES;
				ONLY_ACTIVE_ARCH = YES;
				SDKROOT = iphoneos;
				SWIFT_ACTIVE_COMPILATION_CONDITIONS = DEBUG;
				SWIFT_OPTIMIZATION_LEVEL = "-Onone";
			};
			name = Debug;
		};
		507F3618290668EC00E73B30 /* Release */ = {
			isa = XCBuildConfiguration;
			buildSettings = {
				ALWAYS_SEARCH_USER_PATHS = NO;
				CLANG_ANALYZER_NONNULL = YES;
				CLANG_ANALYZER_NUMBER_OBJECT_CONVERSION = YES_AGGRESSIVE;
				CLANG_CXX_LANGUAGE_STANDARD = "gnu++20";
				CLANG_ENABLE_MODULES = YES;
				CLANG_ENABLE_OBJC_ARC = YES;
				CLANG_ENABLE_OBJC_WEAK = YES;
				CLANG_WARN_BLOCK_CAPTURE_AUTORELEASING = YES;
				CLANG_WARN_BOOL_CONVERSION = YES;
				CLANG_WARN_COMMA = YES;
				CLANG_WARN_CONSTANT_CONVERSION = YES;
				CLANG_WARN_DEPRECATED_OBJC_IMPLEMENTATIONS = YES;
				CLANG_WARN_DIRECT_OBJC_ISA_USAGE = YES_ERROR;
				CLANG_WARN_DOCUMENTATION_COMMENTS = YES;
				CLANG_WARN_EMPTY_BODY = YES;
				CLANG_WARN_ENUM_CONVERSION = YES;
				CLANG_WARN_INFINITE_RECURSION = YES;
				CLANG_WARN_INT_CONVERSION = YES;
				CLANG_WARN_NON_LITERAL_NULL_CONVERSION = YES;
				CLANG_WARN_OBJC_IMPLICIT_RETAIN_SELF = YES;
				CLANG_WARN_OBJC_LITERAL_CONVERSION = YES;
				CLANG_WARN_OBJC_ROOT_CLASS = YES_ERROR;
				CLANG_WARN_QUOTED_INCLUDE_IN_FRAMEWORK_HEADER = YES;
				CLANG_WARN_RANGE_LOOP_ANALYSIS = YES;
				CLANG_WARN_STRICT_PROTOTYPES = YES;
				CLANG_WARN_SUSPICIOUS_MOVE = YES;
				CLANG_WARN_UNGUARDED_AVAILABILITY = YES_AGGRESSIVE;
				CLANG_WARN_UNREACHABLE_CODE = YES;
				CLANG_WARN__DUPLICATE_METHOD_MATCH = YES;
				COPY_PHASE_STRIP = NO;
				DEBUG_INFORMATION_FORMAT = "dwarf-with-dsym";
				ENABLE_NS_ASSERTIONS = NO;
				ENABLE_STRICT_OBJC_MSGSEND = YES;
				GCC_C_LANGUAGE_STANDARD = gnu11;
				GCC_NO_COMMON_BLOCKS = YES;
				GCC_WARN_64_TO_32_BIT_CONVERSION = YES;
				GCC_WARN_ABOUT_RETURN_TYPE = YES_ERROR;
				GCC_WARN_UNDECLARED_SELECTOR = YES;
				GCC_WARN_UNINITIALIZED_AUTOS = YES_AGGRESSIVE;
				GCC_WARN_UNUSED_FUNCTION = YES;
				GCC_WARN_UNUSED_VARIABLE = YES;
				IPHONEOS_DEPLOYMENT_TARGET = 16.0;
				MTL_ENABLE_DEBUG_INFO = NO;
				MTL_FAST_MATH = YES;
				SDKROOT = iphoneos;
				SWIFT_COMPILATION_MODE = wholemodule;
				SWIFT_OPTIMIZATION_LEVEL = "-O";
				VALIDATE_PRODUCT = YES;
			};
			name = Release;
		};
		507F361A290668EC00E73B30 /* Debug */ = {
			isa = XCBuildConfiguration;
			buildSettings = {
				ASSETCATALOG_COMPILER_APPICON_NAME = AppIcon;
				ASSETCATALOG_COMPILER_GLOBAL_ACCENT_COLOR_NAME = AccentColor;
				CODE_SIGN_STYLE = Automatic;
				CURRENT_PROJECT_VERSION = 1;
				DEVELOPMENT_TEAM = WU69N4C677;
				GENERATE_INFOPLIST_FILE = YES;
				INFOPLIST_FILE = PlayerPhoneBook/Info.plist;
				INFOPLIST_KEY_UIApplicationSupportsIndirectInputEvents = YES;
				INFOPLIST_KEY_UILaunchStoryboardName = LaunchScreen;
				INFOPLIST_KEY_UIMainStoryboardFile = Main;
				INFOPLIST_KEY_UISupportedInterfaceOrientations_iPad = "UIInterfaceOrientationPortrait UIInterfaceOrientationPortraitUpsideDown UIInterfaceOrientationLandscapeLeft UIInterfaceOrientationLandscapeRight";
				INFOPLIST_KEY_UISupportedInterfaceOrientations_iPhone = "UIInterfaceOrientationPortrait UIInterfaceOrientationLandscapeLeft UIInterfaceOrientationLandscapeRight";
				IPHONEOS_DEPLOYMENT_TARGET = 15.0;
				LD_RUNPATH_SEARCH_PATHS = (
					"$(inherited)",
					"@executable_path/Frameworks",
				);
				MARKETING_VERSION = 1.0;
				PRODUCT_BUNDLE_IDENTIFIER = com.sangesherpa.PlayerPhoneBook.PlayerPhoneBook;
				PRODUCT_NAME = "$(TARGET_NAME)";
				SWIFT_EMIT_LOC_STRINGS = YES;
				SWIFT_VERSION = 5.0;
				TARGETED_DEVICE_FAMILY = "1,2";
			};
			name = Debug;
		};
		507F361B290668EC00E73B30 /* Release */ = {
			isa = XCBuildConfiguration;
			buildSettings = {
				ASSETCATALOG_COMPILER_APPICON_NAME = AppIcon;
				ASSETCATALOG_COMPILER_GLOBAL_ACCENT_COLOR_NAME = AccentColor;
				CODE_SIGN_STYLE = Automatic;
				CURRENT_PROJECT_VERSION = 1;
				DEVELOPMENT_TEAM = WU69N4C677;
				GENERATE_INFOPLIST_FILE = YES;
				INFOPLIST_FILE = PlayerPhoneBook/Info.plist;
				INFOPLIST_KEY_UIApplicationSupportsIndirectInputEvents = YES;
				INFOPLIST_KEY_UILaunchStoryboardName = LaunchScreen;
				INFOPLIST_KEY_UIMainStoryboardFile = Main;
				INFOPLIST_KEY_UISupportedInterfaceOrientations_iPad = "UIInterfaceOrientationPortrait UIInterfaceOrientationPortraitUpsideDown UIInterfaceOrientationLandscapeLeft UIInterfaceOrientationLandscapeRight";
				INFOPLIST_KEY_UISupportedInterfaceOrientations_iPhone = "UIInterfaceOrientationPortrait UIInterfaceOrientationLandscapeLeft UIInterfaceOrientationLandscapeRight";
				IPHONEOS_DEPLOYMENT_TARGET = 15.0;
				LD_RUNPATH_SEARCH_PATHS = (
					"$(inherited)",
					"@executable_path/Frameworks",
				);
				MARKETING_VERSION = 1.0;
				PRODUCT_BUNDLE_IDENTIFIER = com.sangesherpa.PlayerPhoneBook.PlayerPhoneBook;
				PRODUCT_NAME = "$(TARGET_NAME)";
				SWIFT_EMIT_LOC_STRINGS = YES;
				SWIFT_VERSION = 5.0;
				TARGETED_DEVICE_FAMILY = "1,2";
			};
			name = Release;
		};
/* End XCBuildConfiguration section */

/* Begin XCConfigurationList section */
		507F3600290668EA00E73B30 /* Build configuration list for PBXProject "PlayerPhoneBook" */ = {
			isa = XCConfigurationList;
			buildConfigurations = (
				507F3617290668EC00E73B30 /* Debug */,
				507F3618290668EC00E73B30 /* Release */,
			);
			defaultConfigurationIsVisible = 0;
			defaultConfigurationName = Release;
		};
		507F3619290668EC00E73B30 /* Build configuration list for PBXNativeTarget "PlayerPhoneBook" */ = {
			isa = XCConfigurationList;
			buildConfigurations = (
				507F361A290668EC00E73B30 /* Debug */,
				507F361B290668EC00E73B30 /* Release */,
			);
			defaultConfigurationIsVisible = 0;
			defaultConfigurationName = Release;
		};
/* End XCConfigurationList section */
	};
	rootObject = 507F35FD290668EA00E73B30 /* Project object */;
}
